// !$*UTF8*$!
{
	archiveVersion = 1;
	classes = {
	};
	objectVersion = 46;
	objects = {

/* Begin PBXBuildFile section */
		1ACD2AFB19C29C9300EE4E1D /* AppDelegate.swift in Sources */ = {isa = PBXBuildFile; fileRef = 1ACD2AFA19C29C9300EE4E1D /* AppDelegate.swift */; };
		1ACD2AFD19C29C9300EE4E1D /* ViewController.swift in Sources */ = {isa = PBXBuildFile; fileRef = 1ACD2AFC19C29C9300EE4E1D /* ViewController.swift */; };
		1ACD2B0019C29C9300EE4E1D /* Main.storyboard in Resources */ = {isa = PBXBuildFile; fileRef = 1ACD2AFE19C29C9300EE4E1D /* Main.storyboard */; };
		1ACD2B0219C29C9300EE4E1D /* Images.xcassets in Resources */ = {isa = PBXBuildFile; fileRef = 1ACD2B0119C29C9300EE4E1D /* Images.xcassets */; };
		1ACD2B0519C29C9300EE4E1D /* LaunchScreen.xib in Resources */ = {isa = PBXBuildFile; fileRef = 1ACD2B0319C29C9300EE4E1D /* LaunchScreen.xib */; };
		1ACD2B1119C29C9300EE4E1D /* PostcardTests.swift in Sources */ = {isa = PBXBuildFile; fileRef = 1ACD2B1019C29C9300EE4E1D /* PostcardTests.swift */; };
/* End PBXBuildFile section */

/* Begin PBXContainerItemProxy section */
		1ACD2B0B19C29C9300EE4E1D /* PBXContainerItemProxy */ = {
			isa = PBXContainerItemProxy;
			containerPortal = 1ACD2AED19C29C9200EE4E1D /* Project object */;
			proxyType = 1;
			remoteGlobalIDString = 1ACD2AF419C29C9200EE4E1D;
			remoteInfo = Postcard;
		};
/* End PBXContainerItemProxy section */

/* Begin PBXFileReference section */
		1ACD2AF519C29C9300EE4E1D /* Postcard.app */ = {isa = PBXFileReference; explicitFileType = wrapper.application; includeInIndex = 0; path = Postcard.app; sourceTree = BUILT_PRODUCTS_DIR; };
		1ACD2AF919C29C9300EE4E1D /* Info.plist */ = {isa = PBXFileReference; lastKnownFileType = text.plist.xml; path = Info.plist; sourceTree = "<group>"; };
		1ACD2AFA19C29C9300EE4E1D /* AppDelegate.swift */ = {isa = PBXFileReference; lastKnownFileType = sourcecode.swift; path = AppDelegate.swift; sourceTree = "<group>"; };
		1ACD2AFC19C29C9300EE4E1D /* ViewController.swift */ = {isa = PBXFileReference; lastKnownFileType = sourcecode.swift; path = ViewController.swift; sourceTree = "<group>"; };
		1ACD2AFF19C29C9300EE4E1D /* Base */ = {isa = PBXFileReference; lastKnownFileType = file.storyboard; name = Base; path = Base.lproj/Main.storyboard; sourceTree = "<group>"; };
		1ACD2B0119C29C9300EE4E1D /* Images.xcassets */ = {isa = PBXFileReference; lastKnownFileType = folder.assetcatalog; path = Images.xcassets; sourceTree = "<group>"; };
		1ACD2B0419C29C9300EE4E1D /* Base */ = {isa = PBXFileReference; lastKnownFileType = file.xib; name = Base; path = Base.lproj/LaunchScreen.xib; sourceTree = "<group>"; };
		1ACD2B0A19C29C9300EE4E1D /* PostcardTests.xctest */ = {isa = PBXFileReference; explicitFileType = wrapper.cfbundle; includeInIndex = 0; path = PostcardTests.xctest; sourceTree = BUILT_PRODUCTS_DIR; };
		1ACD2B0F19C29C9300EE4E1D /* Info.plist */ = {isa = PBXFileReference; lastKnownFileType = text.plist.xml; path = Info.plist; sourceTree = "<group>"; };
		1ACD2B1019C29C9300EE4E1D /* PostcardTests.swift */ = {isa = PBXFileReference; lastKnownFileType = sourcecode.swift; path = PostcardTests.swift; sourceTree = "<group>"; };
/* End PBXFileReference section */

/* Begin PBXFrameworksBuildPhase section */
		1ACD2AF219C29C9200EE4E1D /* Frameworks */ = {
			isa = PBXFrameworksBuildPhase;
			buildActionMask = 2147483647;
			files = (
			);
			runOnlyForDeploymentPostprocessing = 0;
		};
		1ACD2B0719C29C9300EE4E1D /* Frameworks */ = {
			isa = PBXFrameworksBuildPhase;
			buildActionMask = 2147483647;
			files = (
			);
			runOnlyForDeploymentPostprocessing = 0;
		};
/* End PBXFrameworksBuildPhase section */

/* Begin PBXGroup section */
		1ACD2AEC19C29C9200EE4E1D = {
			isa = PBXGroup;
			children = (
				1ACD2AF719C29C9300EE4E1D /* Postcard */,
				1ACD2B0D19C29C9300EE4E1D /* PostcardTests */,
				1ACD2AF619C29C9300EE4E1D /* Products */,
			);
			sourceTree = "<group>";
		};
		1ACD2AF619C29C9300EE4E1D /* Products */ = {
			isa = PBXGroup;
			children = (
				1ACD2AF519C29C9300EE4E1D /* Postcard.app */,
				1ACD2B0A19C29C9300EE4E1D /* PostcardTests.xctest */,
			);
			name = Products;
			sourceTree = "<group>";
		};
		1ACD2AF719C29C9300EE4E1D /* Postcard */ = {
			isa = PBXGroup;
			children = (
				1ACD2AFA19C29C9300EE4E1D /* AppDelegate.swift */,
				1ACD2AFC19C29C9300EE4E1D /* ViewController.swift */,
				1ACD2AFE19C29C9300EE4E1D /* Main.storyboard */,
				1ACD2B0119C29C9300EE4E1D /* Images.xcassets */,
				1ACD2B0319C29C9300EE4E1D /* LaunchScreen.xib */,
				1ACD2AF819C29C9300EE4E1D /* Supporting Files */,
			);
			path = Postcard;
			sourceTree = "<group>";
		};
		1ACD2AF819C29C9300EE4E1D /* Supporting Files */ = {
			isa = PBXGroup;
			children = (
				1ACD2AF919C29C9300EE4E1D /* Info.plist */,
			);
			name = "Supporting Files";
			sourceTree = "<group>";
		};
		1ACD2B0D19C29C9300EE4E1D /* PostcardTests */ = {
			isa = PBXGroup;
			children = (
				1ACD2B1019C29C9300EE4E1D /* PostcardTests.swift */,
				1ACD2B0E19C29C9300EE4E1D /* Supporting Files */,
			);
			path = PostcardTests;
			sourceTree = "<group>";
		};
		1ACD2B0E19C29C9300EE4E1D /* Supporting Files */ = {
			isa = PBXGroup;
			children = (
				1ACD2B0F19C29C9300EE4E1D /* Info.plist */,
			);
			name = "Supporting Files";
			sourceTree = "<group>";
		};
/* End PBXGroup section */

/* Begin PBXNativeTarget section */
		1ACD2AF419C29C9200EE4E1D /* Postcard */ = {
			isa = PBXNativeTarget;
			buildConfigurationList = 1ACD2B1419C29C9300EE4E1D /* Build configuration list for PBXNativeTarget "Postcard" */;
			buildPhases = (
				1ACD2AF119C29C9200EE4E1D /* Sources */,
				1ACD2AF219C29C9200EE4E1D /* Frameworks */,
				1ACD2AF319C29C9200EE4E1D /* Resources */,
			);
			buildRules = (
			);
			dependencies = (
			);
			name = Postcard;
			productName = Postcard;
			productReference = 1ACD2AF519C29C9300EE4E1D /* Postcard.app */;
			productType = "com.apple.product-type.application";
		};
		1ACD2B0919C29C9300EE4E1D /* PostcardTests */ = {
			isa = PBXNativeTarget;
			buildConfigurationList = 1ACD2B1719C29C9300EE4E1D /* Build configuration list for PBXNativeTarget "PostcardTests" */;
			buildPhases = (
				1ACD2B0619C29C9300EE4E1D /* Sources */,
				1ACD2B0719C29C9300EE4E1D /* Frameworks */,
				1ACD2B0819C29C9300EE4E1D /* Resources */,
			);
			buildRules = (
			);
			dependencies = (
				1ACD2B0C19C29C9300EE4E1D /* PBXTargetDependency */,
			);
			name = PostcardTests;
			productName = PostcardTests;
			productReference = 1ACD2B0A19C29C9300EE4E1D /* PostcardTests.xctest */;
			productType = "com.apple.product-type.bundle.unit-test";
		};
/* End PBXNativeTarget section */

/* Begin PBXProject section */
		1ACD2AED19C29C9200EE4E1D /* Project object */ = {
			isa = PBXProject;
			attributes = {
				LastUpgradeCheck = 0600;
				ORGANIZATIONNAME = "Meng Fung";
				TargetAttributes = {
					1ACD2AF419C29C9200EE4E1D = {
						CreatedOnToolsVersion = 6.0;
					};
					1ACD2B0919C29C9300EE4E1D = {
						CreatedOnToolsVersion = 6.0;
						TestTargetID = 1ACD2AF419C29C9200EE4E1D;
					};
				};
			};
			buildConfigurationList = 1ACD2AF019C29C9200EE4E1D /* Build configuration list for PBXProject "Postcard" */;
			compatibilityVersion = "Xcode 3.2";
			developmentRegion = English;
			hasScannedForEncodings = 0;
			knownRegions = (
				en,
				Base,
			);
			mainGroup = 1ACD2AEC19C29C9200EE4E1D;
			productRefGroup = 1ACD2AF619C29C9300EE4E1D /* Products */;
			projectDirPath = "";
			projectRoot = "";
			targets = (
				1ACD2AF419C29C9200EE4E1D /* Postcard */,
				1ACD2B0919C29C9300EE4E1D /* PostcardTests */,
			);
		};
/* End PBXProject section */

/* Begin PBXResourcesBuildPhase section */
		1ACD2AF319C29C9200EE4E1D /* Resources */ = {
			isa = PBXResourcesBuildPhase;
			buildActionMask = 2147483647;
			files = (
				1ACD2B0019C29C9300EE4E1D /* Main.storyboard in Resources */,
				1ACD2B0519C29C9300EE4E1D /* LaunchScreen.xib in Resources */,
				1ACD2B0219C29C9300EE4E1D /* Images.xcassets in Resources */,
			);
			runOnlyForDeploymentPostprocessing = 0;
		};
		1ACD2B0819C29C9300EE4E1D /* Resources */ = {
			isa = PBXResourcesBuildPhase;
			buildActionMask = 2147483647;
			files = (
			);
			runOnlyForDeploymentPostprocessing = 0;
		};
/* End PBXResourcesBuildPhase section */

/* Begin PBXSourcesBuildPhase section */
		1ACD2AF119C29C9200EE4E1D /* Sources */ = {
			isa = PBXSourcesBuildPhase;
			buildActionMask = 2147483647;
			files = (
				1ACD2AFD19C29C9300EE4E1D /* ViewController.swift in Sources */,
				1ACD2AFB19C29C9300EE4E1D /* AppDelegate.swift in Sources */,
			);
			runOnlyForDeploymentPostprocessing = 0;
		};
		1ACD2B0619C29C9300EE4E1D /* Sources */ = {
			isa = PBXSourcesBuildPhase;
			buildActionMask = 2147483647;
			files = (
				1ACD2B1119C29C9300EE4E1D /* PostcardTests.swift in Sources */,
			);
			runOnlyForDeploymentPostprocessing = 0;
		};
/* End PBXSourcesBuildPhase section */

/* Begin PBXTargetDependency section */
		1ACD2B0C19C29C9300EE4E1D /* PBXTargetDependency */ = {
			isa = PBXTargetDependency;
			target = 1ACD2AF419C29C9200EE4E1D /* Postcard */;
			targetProxy = 1ACD2B0B19C29C9300EE4E1D /* PBXContainerItemProxy */;
		};
/* End PBXTargetDependency section */

/* Begin PBXVariantGroup section */
		1ACD2AFE19C29C9300EE4E1D /* Main.storyboard */ = {
			isa = PBXVariantGroup;
			children = (
				1ACD2AFF19C29C9300EE4E1D /* Base */,
			);
			name = Main.storyboard;
			sourceTree = "<group>";
		};
		1ACD2B0319C29C9300EE4E1D /* LaunchScreen.xib */ = {
			isa = PBXVariantGroup;
			children = (
				1ACD2B0419C29C9300EE4E1D /* Base */,
			);
			name = LaunchScreen.xib;
			sourceTree = "<group>";
		};
/* End PBXVariantGroup section */

/* Begin XCBuildConfiguration section */
		1ACD2B1219C29C9300EE4E1D /* Debug */ = {
			isa = XCBuildConfiguration;
			buildSettings = {
				ALWAYS_SEARCH_USER_PATHS = NO;
				CLANG_CXX_LANGUAGE_STANDARD = "gnu++0x";
				CLANG_CXX_LIBRARY = "libc++";
				CLANG_ENABLE_MODULES = YES;
				CLANG_ENABLE_OBJC_ARC = YES;
				CLANG_WARN_BOOL_CONVERSION = YES;
				CLANG_WARN_CONSTANT_CONVERSION = YES;
				CLANG_WARN_DIRECT_OBJC_ISA_USAGE = YES_ERROR;
				CLANG_WARN_EMPTY_BODY = YES;
				CLANG_WARN_ENUM_CONVERSION = YES;
				CLANG_WARN_INT_CONVERSION = YES;
				CLANG_WARN_OBJC_ROOT_CLASS = YES_ERROR;
				CLANG_WARN_UNREACHABLE_CODE = YES;
				CLANG_WARN__DUPLICATE_METHOD_MATCH = YES;
				"CODE_SIGN_IDENTITY[sdk=iphoneos*]" = "iPhone Developer";
				COPY_PHASE_STRIP = NO;
				ENABLE_STRICT_OBJC_MSGSEND = YES;
				GCC_C_LANGUAGE_STANDARD = gnu99;
				GCC_DYNAMIC_NO_PIC = NO;
				GCC_OPTIMIZATION_LEVEL = 0;
				GCC_PREPROCESSOR_DEFINITIONS = (
					"DEBUG=1",
					"$(inherited)",
				);
				GCC_SYMBOLS_PRIVATE_EXTERN = NO;
				GCC_WARN_64_TO_32_BIT_CONVERSION = YES;
				GCC_WARN_ABOUT_RETURN_TYPE = YES_ERROR;
				GCC_WARN_UNDECLARED_SELECTOR = YES;
				GCC_WARN_UNINITIALIZED_AUTOS = YES_AGGRESSIVE;
				GCC_WARN_UNUSED_FUNCTION = YES;
				GCC_WARN_UNUSED_VARIABLE = YES;
				IPHONEOS_DEPLOYMENT_TARGET = 8.0;
				MTL_ENABLE_DEBUG_INFO = YES;
				ONLY_ACTIVE_ARCH = YES;
				SDKROOT = iphoneos;
				SWIFT_OPTIMIZATION_LEVEL = "-Onone";
			};
			name = Debug;
		};
		1ACD2B1319C29C9300EE4E1D /* Release */ = {
			isa = XCBuildConfiguration;
			buildSettings = {
				ALWAYS_SEARCH_USER_PATHS = NO;
				CLANG_CXX_LANGUAGE_STANDARD = "gnu++0x";
				CLANG_CXX_LIBRARY = "libc++";
				CLANG_ENABLE_MODULES = YES;
				CLANG_ENABLE_OBJC_ARC = YES;
				CLANG_WARN_BOOL_CONVERSION = YES;
				CLANG_WARN_CONSTANT_CONVERSION = YES;
				CLANG_WARN_DIRECT_OBJC_ISA_USAGE = YES_ERROR;
				CLANG_WARN_EMPTY_BODY = YES;
				CLANG_WARN_ENUM_CONVERSION = YES;
				CLANG_WARN_INT_CONVERSION = YES;
				CLANG_WARN_OBJC_ROOT_CLASS = YES_ERROR;
				CLANG_WARN_UNREACHABLE_CODE = YES;
				CLANG_WARN__DUPLICATE_METHOD_MATCH = YES;
				"CODE_SIGN_IDENTITY[sdk=iphoneos*]" = "iPhone Developer";
				COPY_PHASE_STRIP = YES;
				ENABLE_NS_ASSERTIONS = NO;
				ENABLE_STRICT_OBJC_MSGSEND = YES;
				GCC_C_LANGUAGE_STANDARD = gnu99;
				GCC_WARN_64_TO_32_BIT_CONVERSION = YES;
				GCC_WARN_ABOUT_RETURN_TYPE = YES_ERROR;
				GCC_WARN_UNDECLARED_SELECTOR = YES;
				GCC_WARN_UNINITIALIZED_AUTOS = YES_AGGRESSIVE;
				GCC_WARN_UNUSED_FUNCTION = YES;
				GCC_WARN_UNUSED_VARIABLE = YES;
				IPHONEOS_DEPLOYMENT_TARGET = 8.0;
				MTL_ENABLE_DEBUG_INFO = NO;
				SDKROOT = iphoneos;
				VALIDATE_PRODUCT = YES;
			};
			name = Release;
		};
		1ACD2B1519C29C9300EE4E1D /* Debug */ = {
			isa = XCBuildConfiguration;
			buildSettings = {
				ASSETCATALOG_COMPILER_APPICON_NAME = AppIcon;
				INFOPLIST_FILE = Postcard/Info.plist;
				LD_RUNPATH_SEARCH_PATHS = "$(inherited) @executable_path/Frameworks";
				PRODUCT_NAME = "$(TARGET_NAME)";
			};
			name = Debug;
		};
		1ACD2B1619C29C9300EE4E1D /* Release */ = {
			isa = XCBuildConfiguration;
			buildSettings = {
				ASSETCATALOG_COMPILER_APPICON_NAME = AppIcon;
				INFOPLIST_FILE = Postcard/Info.plist;
				LD_RUNPATH_SEARCH_PATHS = "$(inherited) @executable_path/Frameworks";
				PRODUCT_NAME = "$(TARGET_NAME)";
			};
			name = Release;
		};
		1ACD2B1819C29C9300EE4E1D /* Debug */ = {
			isa = XCBuildConfiguration;
			buildSettings = {
				BUNDLE_LOADER = "$(TEST_HOST)";
				FRAMEWORK_SEARCH_PATHS = (
					"$(SDKROOT)/Developer/Library/Frameworks",
					"$(inherited)",
				);
				GCC_PREPROCESSOR_DEFINITIONS = (
					"DEBUG=1",
					"$(inherited)",
				);
				INFOPLIST_FILE = PostcardTests/Info.plist;
				LD_RUNPATH_SEARCH_PATHS = "$(inherited) @executable_path/Frameworks @loader_path/Frameworks";
				PRODUCT_NAME = "$(TARGET_NAME)";
				TEST_HOST = "$(BUILT_PRODUCTS_DIR)/Postcard.app/Postcard";
			};
			name = Debug;
		};
		1ACD2B1919C29C9300EE4E1D /* Release */ = {
			isa = XCBuildConfiguration;
			buildSettings = {
				BUNDLE_LOADER = "$(TEST_HOST)";
				FRAMEWORK_SEARCH_PATHS = (
					"$(SDKROOT)/Developer/Library/Frameworks",
					"$(inherited)",
				);
				INFOPLIST_FILE = PostcardTests/Info.plist;
				LD_RUNPATH_SEARCH_PATHS = "$(inherited) @executable_path/Frameworks @loader_path/Frameworks";
				PRODUCT_NAME = "$(TARGET_NAME)";
				TEST_HOST = "$(BUILT_PRODUCTS_DIR)/Postcard.app/Postcard";
			};
			name = Release;
		};
/* End XCBuildConfiguration section */

/* Begin XCConfigurationList section */
		1ACD2AF019C29C9200EE4E1D /* Build configuration list for PBXProject "Postcard" */ = {
			isa = XCConfigurationList;
			buildConfigurations = (
				1ACD2B1219C29C9300EE4E1D /* Debug */,
				1ACD2B1319C29C9300EE4E1D /* Release */,
			);
			defaultConfigurationIsVisible = 0;
			defaultConfigurationName = Release;
		};
		1ACD2B1419C29C9300EE4E1D /* Build configuration list for PBXNativeTarget "Postcard" */ = {
			isa = XCConfigurationList;
			buildConfigurations = (
				1ACD2B1519C29C9300EE4E1D /* Debug */,
				1ACD2B1619C29C9300EE4E1D /* Release */,
			);
			defaultConfigurationIsVisible = 0;
		};
		1ACD2B1719C29C9300EE4E1D /* Build configuration list for PBXNativeTarget "PostcardTests" */ = {
			isa = XCConfigurationList;
			buildConfigurations = (
				1ACD2B1819C29C9300EE4E1D /* Debug */,
				1ACD2B1919C29C9300EE4E1D /* Release */,
			);
			defaultConfigurationIsVisible = 0;
		};
/* End XCConfigurationList section */
	};
	rootObject = 1ACD2AED19C29C9200EE4E1D /* Project object */;
}
